// !$*UTF8*$!
{
	archiveVersion = 1;
	classes = {
	};
	objectVersion = 48;
	objects = {

/* Begin PBXBuildFile section */
		5506CD131F914C0100105AD4 /* AppDelegate.swift in Sources */ = {isa = PBXBuildFile; fileRef = 5506CD121F914C0100105AD4 /* AppDelegate.swift */; };
		5506CD151F914C0100105AD4 /* ViewController.swift in Sources */ = {isa = PBXBuildFile; fileRef = 5506CD141F914C0100105AD4 /* ViewController.swift */; };
		5506CD1B1F914C0100105AD4 /* SpotifyTest.xcdatamodeld in Sources */ = {isa = PBXBuildFile; fileRef = 5506CD191F914C0100105AD4 /* SpotifyTest.xcdatamodeld */; };
		5506CD1D1F914C0100105AD4 /* Assets.xcassets in Resources */ = {isa = PBXBuildFile; fileRef = 5506CD1C1F914C0100105AD4 /* Assets.xcassets */; };
		5506CD2B1F914C0100105AD4 /* SpotifyTestTests.swift in Sources */ = {isa = PBXBuildFile; fileRef = 5506CD2A1F914C0100105AD4 /* SpotifyTestTests.swift */; };
		5506CD361F914C0100105AD4 /* SpotifyTestUITests.swift in Sources */ = {isa = PBXBuildFile; fileRef = 5506CD351F914C0100105AD4 /* SpotifyTestUITests.swift */; };
		5506CD4B1F914C6700105AD4 /* SpotifyAudioPlayback.framework in Frameworks */ = {isa = PBXBuildFile; fileRef = 5506CD441F914C0F00105AD4 /* SpotifyAudioPlayback.framework */; };
		5506CD4C1F914C6C00105AD4 /* SpotifyAuthentication.framework in Frameworks */ = {isa = PBXBuildFile; fileRef = 5506CD451F914C0F00105AD4 /* SpotifyAuthentication.framework */; };
		5506CD4D1F914C6E00105AD4 /* SpotifyMetadata.framework in Frameworks */ = {isa = PBXBuildFile; fileRef = 5506CD431F914C0F00105AD4 /* SpotifyMetadata.framework */; };
		5506CD4F1F91757E00105AD4 /* Constants.swift in Sources */ = {isa = PBXBuildFile; fileRef = 5506CD4E1F91757E00105AD4 /* Constants.swift */; };
		D429C2161F92AE9B005DCE5F /* Main.storyboard in Resources */ = {isa = PBXBuildFile; fileRef = D429C2151F92AE9B005DCE5F /* Main.storyboard */; };
		D429C2181F92AF1E005DCE5F /* LaunchScreen.storyboard in Resources */ = {isa = PBXBuildFile; fileRef = D429C2171F92AF1E005DCE5F /* LaunchScreen.storyboard */; };
/* End PBXBuildFile section */

/* Begin PBXContainerItemProxy section */
		5506CD271F914C0100105AD4 /* PBXContainerItemProxy */ = {
			isa = PBXContainerItemProxy;
			containerPortal = 5506CD071F914C0100105AD4 /* Project object */;
			proxyType = 1;
			remoteGlobalIDString = 5506CD0E1F914C0100105AD4;
			remoteInfo = SpotifyTest;
		};
		5506CD321F914C0100105AD4 /* PBXContainerItemProxy */ = {
			isa = PBXContainerItemProxy;
			containerPortal = 5506CD071F914C0100105AD4 /* Project object */;
			proxyType = 1;
			remoteGlobalIDString = 5506CD0E1F914C0100105AD4;
			remoteInfo = SpotifyTest;
		};
/* End PBXContainerItemProxy section */

/* Begin PBXFileReference section */
		5506CD0F1F914C0100105AD4 /* SpotifyTest.app */ = {isa = PBXFileReference; explicitFileType = wrapper.application; includeInIndex = 0; path = SpotifyTest.app; sourceTree = BUILT_PRODUCTS_DIR; };
		5506CD121F914C0100105AD4 /* AppDelegate.swift */ = {isa = PBXFileReference; lastKnownFileType = sourcecode.swift; path = AppDelegate.swift; sourceTree = "<group>"; };
		5506CD141F914C0100105AD4 /* ViewController.swift */ = {isa = PBXFileReference; lastKnownFileType = sourcecode.swift; path = ViewController.swift; sourceTree = "<group>"; };
		5506CD1A1F914C0100105AD4 /* SpotifyTest.xcdatamodel */ = {isa = PBXFileReference; lastKnownFileType = wrapper.xcdatamodel; path = SpotifyTest.xcdatamodel; sourceTree = "<group>"; };
		5506CD1C1F914C0100105AD4 /* Assets.xcassets */ = {isa = PBXFileReference; lastKnownFileType = folder.assetcatalog; path = Assets.xcassets; sourceTree = "<group>"; };
		5506CD211F914C0100105AD4 /* Info.plist */ = {isa = PBXFileReference; lastKnownFileType = text.plist.xml; path = Info.plist; sourceTree = "<group>"; };
		5506CD261F914C0100105AD4 /* SpotifyTestTests.xctest */ = {isa = PBXFileReference; explicitFileType = wrapper.cfbundle; includeInIndex = 0; path = SpotifyTestTests.xctest; sourceTree = BUILT_PRODUCTS_DIR; };
		5506CD2A1F914C0100105AD4 /* SpotifyTestTests.swift */ = {isa = PBXFileReference; lastKnownFileType = sourcecode.swift; path = SpotifyTestTests.swift; sourceTree = "<group>"; };
		5506CD2C1F914C0100105AD4 /* Info.plist */ = {isa = PBXFileReference; lastKnownFileType = text.plist.xml; path = Info.plist; sourceTree = "<group>"; };
		5506CD311F914C0100105AD4 /* SpotifyTestUITests.xctest */ = {isa = PBXFileReference; explicitFileType = wrapper.cfbundle; includeInIndex = 0; path = SpotifyTestUITests.xctest; sourceTree = BUILT_PRODUCTS_DIR; };
		5506CD351F914C0100105AD4 /* SpotifyTestUITests.swift */ = {isa = PBXFileReference; lastKnownFileType = sourcecode.swift; path = SpotifyTestUITests.swift; sourceTree = "<group>"; };
		5506CD371F914C0100105AD4 /* Info.plist */ = {isa = PBXFileReference; lastKnownFileType = text.plist.xml; path = Info.plist; sourceTree = "<group>"; };
		5506CD431F914C0F00105AD4 /* SpotifyMetadata.framework */ = {isa = PBXFileReference; lastKnownFileType = wrapper.framework; path = SpotifyMetadata.framework; sourceTree = SOURCE_ROOT; };
		5506CD441F914C0F00105AD4 /* SpotifyAudioPlayback.framework */ = {isa = PBXFileReference; lastKnownFileType = wrapper.framework; path = SpotifyAudioPlayback.framework; sourceTree = SOURCE_ROOT; };
		5506CD451F914C0F00105AD4 /* SpotifyAuthentication.framework */ = {isa = PBXFileReference; lastKnownFileType = wrapper.framework; path = SpotifyAuthentication.framework; sourceTree = SOURCE_ROOT; };
		5506CD461F914C3300105AD4 /* SpotifyTest-Bridging-Header.h */ = {isa = PBXFileReference; lastKnownFileType = sourcecode.c.h; path = "SpotifyTest-Bridging-Header.h"; sourceTree = "<group>"; };
		5506CD4E1F91757E00105AD4 /* Constants.swift */ = {isa = PBXFileReference; lastKnownFileType = sourcecode.swift; path = Constants.swift; sourceTree = "<group>"; };
		D429C2151F92AE9B005DCE5F /* Main.storyboard */ = {isa = PBXFileReference; lastKnownFileType = file.storyboard; path = Main.storyboard; sourceTree = "<group>"; };
		D429C2171F92AF1E005DCE5F /* LaunchScreen.storyboard */ = {isa = PBXFileReference; lastKnownFileType = file.storyboard; path = LaunchScreen.storyboard; sourceTree = "<group>"; };
/* End PBXFileReference section */

/* Begin PBXFrameworksBuildPhase section */
		5506CD0C1F914C0100105AD4 /* Frameworks */ = {
			isa = PBXFrameworksBuildPhase;
			buildActionMask = 2147483647;
			files = (
				5506CD4B1F914C6700105AD4 /* SpotifyAudioPlayback.framework in Frameworks */,
				5506CD4C1F914C6C00105AD4 /* SpotifyAuthentication.framework in Frameworks */,
				5506CD4D1F914C6E00105AD4 /* SpotifyMetadata.framework in Frameworks */,
			);
			runOnlyForDeploymentPostprocessing = 0;
		};
		5506CD231F914C0100105AD4 /* Frameworks */ = {
			isa = PBXFrameworksBuildPhase;
			buildActionMask = 2147483647;
			files = (
			);
			runOnlyForDeploymentPostprocessing = 0;
		};
		5506CD2E1F914C0100105AD4 /* Frameworks */ = {
			isa = PBXFrameworksBuildPhase;
			buildActionMask = 2147483647;
			files = (
			);
			runOnlyForDeploymentPostprocessing = 0;
		};
/* End PBXFrameworksBuildPhase section */

/* Begin PBXGroup section */
		5506CD061F914C0100105AD4 = {
			isa = PBXGroup;
			children = (
				5506CD111F914C0100105AD4 /* SpotifyTest */,
				5506CD291F914C0100105AD4 /* SpotifyTestTests */,
				5506CD341F914C0100105AD4 /* SpotifyTestUITests */,
				5506CD101F914C0100105AD4 /* Products */,
				5506CD4A1F914C6700105AD4 /* Frameworks */,
			);
			sourceTree = "<group>";
		};
		5506CD101F914C0100105AD4 /* Products */ = {
			isa = PBXGroup;
			children = (
				5506CD0F1F914C0100105AD4 /* SpotifyTest.app */,
				5506CD261F914C0100105AD4 /* SpotifyTestTests.xctest */,
				5506CD311F914C0100105AD4 /* SpotifyTestUITests.xctest */,
			);
			name = Products;
			sourceTree = "<group>";
		};
		5506CD111F914C0100105AD4 /* SpotifyTest */ = {
			isa = PBXGroup;
			children = (
				5506CD121F914C0100105AD4 /* AppDelegate.swift */,
				5506CD141F914C0100105AD4 /* ViewController.swift */,
				5506CD4E1F91757E00105AD4 /* Constants.swift */,
				5506CD441F914C0F00105AD4 /* SpotifyAudioPlayback.framework */,
				5506CD451F914C0F00105AD4 /* SpotifyAuthentication.framework */,
				5506CD431F914C0F00105AD4 /* SpotifyMetadata.framework */,
				D429C2151F92AE9B005DCE5F /* Main.storyboard */,
				5506CD1C1F914C0100105AD4 /* Assets.xcassets */,
				D429C2171F92AF1E005DCE5F /* LaunchScreen.storyboard */,
				5506CD211F914C0100105AD4 /* Info.plist */,
				5506CD191F914C0100105AD4 /* SpotifyTest.xcdatamodeld */,
				5506CD461F914C3300105AD4 /* SpotifyTest-Bridging-Header.h */,
			);
			path = SpotifyTest;
			sourceTree = "<group>";
		};
		5506CD291F914C0100105AD4 /* SpotifyTestTests */ = {
			isa = PBXGroup;
			children = (
				5506CD2A1F914C0100105AD4 /* SpotifyTestTests.swift */,
				5506CD2C1F914C0100105AD4 /* Info.plist */,
			);
			path = SpotifyTestTests;
			sourceTree = "<group>";
		};
		5506CD341F914C0100105AD4 /* SpotifyTestUITests */ = {
			isa = PBXGroup;
			children = (
				5506CD351F914C0100105AD4 /* SpotifyTestUITests.swift */,
				5506CD371F914C0100105AD4 /* Info.plist */,
			);
			path = SpotifyTestUITests;
			sourceTree = "<group>";
		};
		5506CD4A1F914C6700105AD4 /* Frameworks */ = {
			isa = PBXGroup;
			children = (
			);
			name = Frameworks;
			sourceTree = "<group>";
		};
/* End PBXGroup section */

/* Begin PBXNativeTarget section */
		5506CD0E1F914C0100105AD4 /* SpotifyTest */ = {
			isa = PBXNativeTarget;
			buildConfigurationList = 5506CD3A1F914C0100105AD4 /* Build configuration list for PBXNativeTarget "SpotifyTest" */;
			buildPhases = (
				5506CD0B1F914C0100105AD4 /* Sources */,
				5506CD0C1F914C0100105AD4 /* Frameworks */,
				5506CD0D1F914C0100105AD4 /* Resources */,
			);
			buildRules = (
			);
			dependencies = (
			);
			name = SpotifyTest;
			productName = SpotifyTest;
			productReference = 5506CD0F1F914C0100105AD4 /* SpotifyTest.app */;
			productType = "com.apple.product-type.application";
		};
		5506CD251F914C0100105AD4 /* SpotifyTestTests */ = {
			isa = PBXNativeTarget;
			buildConfigurationList = 5506CD3D1F914C0100105AD4 /* Build configuration list for PBXNativeTarget "SpotifyTestTests" */;
			buildPhases = (
				5506CD221F914C0100105AD4 /* Sources */,
				5506CD231F914C0100105AD4 /* Frameworks */,
				5506CD241F914C0100105AD4 /* Resources */,
			);
			buildRules = (
			);
			dependencies = (
				5506CD281F914C0100105AD4 /* PBXTargetDependency */,
			);
			name = SpotifyTestTests;
			productName = SpotifyTestTests;
			productReference = 5506CD261F914C0100105AD4 /* SpotifyTestTests.xctest */;
			productType = "com.apple.product-type.bundle.unit-test";
		};
		5506CD301F914C0100105AD4 /* SpotifyTestUITests */ = {
			isa = PBXNativeTarget;
			buildConfigurationList = 5506CD401F914C0100105AD4 /* Build configuration list for PBXNativeTarget "SpotifyTestUITests" */;
			buildPhases = (
				5506CD2D1F914C0100105AD4 /* Sources */,
				5506CD2E1F914C0100105AD4 /* Frameworks */,
				5506CD2F1F914C0100105AD4 /* Resources */,
			);
			buildRules = (
			);
			dependencies = (
				5506CD331F914C0100105AD4 /* PBXTargetDependency */,
			);
			name = SpotifyTestUITests;
			productName = SpotifyTestUITests;
			productReference = 5506CD311F914C0100105AD4 /* SpotifyTestUITests.xctest */;
			productType = "com.apple.product-type.bundle.ui-testing";
		};
/* End PBXNativeTarget section */

/* Begin PBXProject section */
		5506CD071F914C0100105AD4 /* Project object */ = {
			isa = PBXProject;
			attributes = {
				LastSwiftUpdateCheck = 0900;
				LastUpgradeCheck = 0900;
				ORGANIZATIONNAME = "Vineeth Yeevani";
				TargetAttributes = {
					5506CD0E1F914C0100105AD4 = {
						CreatedOnToolsVersion = 9.0;
						LastSwiftMigration = 0900;
						ProvisioningStyle = Automatic;
					};
					5506CD251F914C0100105AD4 = {
						CreatedOnToolsVersion = 9.0;
						ProvisioningStyle = Automatic;
						TestTargetID = 5506CD0E1F914C0100105AD4;
					};
					5506CD301F914C0100105AD4 = {
						CreatedOnToolsVersion = 9.0;
						ProvisioningStyle = Automatic;
						TestTargetID = 5506CD0E1F914C0100105AD4;
					};
				};
			};
			buildConfigurationList = 5506CD0A1F914C0100105AD4 /* Build configuration list for PBXProject "SpotifyTest" */;
			compatibilityVersion = "Xcode 8.0";
			developmentRegion = en;
			hasScannedForEncodings = 0;
			knownRegions = (
				en,
				Base,
			);
			mainGroup = 5506CD061F914C0100105AD4;
			productRefGroup = 5506CD101F914C0100105AD4 /* Products */;
			projectDirPath = "";
			projectRoot = "";
			targets = (
				5506CD0E1F914C0100105AD4 /* SpotifyTest */,
				5506CD251F914C0100105AD4 /* SpotifyTestTests */,
				5506CD301F914C0100105AD4 /* SpotifyTestUITests */,
			);
		};
/* End PBXProject section */

/* Begin PBXResourcesBuildPhase section */
		5506CD0D1F914C0100105AD4 /* Resources */ = {
			isa = PBXResourcesBuildPhase;
			buildActionMask = 2147483647;
			files = (
				D429C2181F92AF1E005DCE5F /* LaunchScreen.storyboard in Resources */,
				5506CD1D1F914C0100105AD4 /* Assets.xcassets in Resources */,
				D429C2161F92AE9B005DCE5F /* Main.storyboard in Resources */,
			);
			runOnlyForDeploymentPostprocessing = 0;
		};
		5506CD241F914C0100105AD4 /* Resources */ = {
			isa = PBXResourcesBuildPhase;
			buildActionMask = 2147483647;
			files = (
			);
			runOnlyForDeploymentPostprocessing = 0;
		};
		5506CD2F1F914C0100105AD4 /* Resources */ = {
			isa = PBXResourcesBuildPhase;
			buildActionMask = 2147483647;
			files = (
			);
			runOnlyForDeploymentPostprocessing = 0;
		};
/* End PBXResourcesBuildPhase section */

/* Begin PBXSourcesBuildPhase section */
		5506CD0B1F914C0100105AD4 /* Sources */ = {
			isa = PBXSourcesBuildPhase;
			buildActionMask = 2147483647;
			files = (
				5506CD1B1F914C0100105AD4 /* SpotifyTest.xcdatamodeld in Sources */,
				5506CD151F914C0100105AD4 /* ViewController.swift in Sources */,
				5506CD131F914C0100105AD4 /* AppDelegate.swift in Sources */,
				5506CD4F1F91757E00105AD4 /* Constants.swift in Sources */,
			);
			runOnlyForDeploymentPostprocessing = 0;
		};
		5506CD221F914C0100105AD4 /* Sources */ = {
			isa = PBXSourcesBuildPhase;
			buildActionMask = 2147483647;
			files = (
				5506CD2B1F914C0100105AD4 /* SpotifyTestTests.swift in Sources */,
			);
			runOnlyForDeploymentPostprocessing = 0;
		};
		5506CD2D1F914C0100105AD4 /* Sources */ = {
			isa = PBXSourcesBuildPhase;
			buildActionMask = 2147483647;
			files = (
				5506CD361F914C0100105AD4 /* SpotifyTestUITests.swift in Sources */,
			);
			runOnlyForDeploymentPostprocessing = 0;
		};
/* End PBXSourcesBuildPhase section */

/* Begin PBXTargetDependency section */
		5506CD281F914C0100105AD4 /* PBXTargetDependency */ = {
			isa = PBXTargetDependency;
			target = 5506CD0E1F914C0100105AD4 /* SpotifyTest */;
			targetProxy = 5506CD271F914C0100105AD4 /* PBXContainerItemProxy */;
		};
		5506CD331F914C0100105AD4 /* PBXTargetDependency */ = {
			isa = PBXTargetDependency;
			target = 5506CD0E1F914C0100105AD4 /* SpotifyTest */;
			targetProxy = 5506CD321F914C0100105AD4 /* PBXContainerItemProxy */;
		};
/* End PBXTargetDependency section */

/* Begin XCBuildConfiguration section */
		5506CD381F914C0100105AD4 /* Debug */ = {
			isa = XCBuildConfiguration;
			buildSettings = {
				ALWAYS_SEARCH_USER_PATHS = NO;
				CLANG_ANALYZER_NONNULL = YES;
				CLANG_ANALYZER_NUMBER_OBJECT_CONVERSION = YES_AGGRESSIVE;
				CLANG_CXX_LANGUAGE_STANDARD = "gnu++14";
				CLANG_CXX_LIBRARY = "libc++";
				CLANG_ENABLE_MODULES = YES;
				CLANG_ENABLE_OBJC_ARC = YES;
				CLANG_WARN_BLOCK_CAPTURE_AUTORELEASING = YES;
				CLANG_WARN_BOOL_CONVERSION = YES;
				CLANG_WARN_COMMA = YES;
				CLANG_WARN_CONSTANT_CONVERSION = YES;
				CLANG_WARN_DIRECT_OBJC_ISA_USAGE = YES_ERROR;
				CLANG_WARN_DOCUMENTATION_COMMENTS = YES;
				CLANG_WARN_EMPTY_BODY = YES;
				CLANG_WARN_ENUM_CONVERSION = YES;
				CLANG_WARN_INFINITE_RECURSION = YES;
				CLANG_WARN_INT_CONVERSION = YES;
				CLANG_WARN_NON_LITERAL_NULL_CONVERSION = YES;
				CLANG_WARN_OBJC_LITERAL_CONVERSION = YES;
				CLANG_WARN_OBJC_ROOT_CLASS = YES_ERROR;
				CLANG_WARN_RANGE_LOOP_ANALYSIS = YES;
				CLANG_WARN_STRICT_PROTOTYPES = YES;
				CLANG_WARN_SUSPICIOUS_MOVE = YES;
				CLANG_WARN_UNGUARDED_AVAILABILITY = YES_AGGRESSIVE;
				CLANG_WARN_UNREACHABLE_CODE = YES;
				CLANG_WARN__DUPLICATE_METHOD_MATCH = YES;
				CODE_SIGN_IDENTITY = "iPhone Developer";
				COPY_PHASE_STRIP = NO;
				DEBUG_INFORMATION_FORMAT = dwarf;
				ENABLE_STRICT_OBJC_MSGSEND = YES;
				ENABLE_TESTABILITY = YES;
				GCC_C_LANGUAGE_STANDARD = gnu11;
				GCC_DYNAMIC_NO_PIC = NO;
				GCC_NO_COMMON_BLOCKS = YES;
				GCC_OPTIMIZATION_LEVEL = 0;
				GCC_PREPROCESSOR_DEFINITIONS = (
					"DEBUG=1",
					"$(inherited)",
				);
				GCC_WARN_64_TO_32_BIT_CONVERSION = YES;
				GCC_WARN_ABOUT_RETURN_TYPE = YES_ERROR;
				GCC_WARN_UNDECLARED_SELECTOR = YES;
				GCC_WARN_UNINITIALIZED_AUTOS = YES_AGGRESSIVE;
				GCC_WARN_UNUSED_FUNCTION = YES;
				GCC_WARN_UNUSED_VARIABLE = YES;
				IPHONEOS_DEPLOYMENT_TARGET = 11.0;
				MTL_ENABLE_DEBUG_INFO = YES;
				ONLY_ACTIVE_ARCH = YES;
				SDKROOT = iphoneos;
				SWIFT_ACTIVE_COMPILATION_CONDITIONS = DEBUG;
				SWIFT_OPTIMIZATION_LEVEL = "-Onone";
			};
			name = Debug;
		};
		5506CD391F914C0100105AD4 /* Release */ = {
			isa = XCBuildConfiguration;
			buildSettings = {
				ALWAYS_SEARCH_USER_PATHS = NO;
				CLANG_ANALYZER_NONNULL = YES;
				CLANG_ANALYZER_NUMBER_OBJECT_CONVERSION = YES_AGGRESSIVE;
				CLANG_CXX_LANGUAGE_STANDARD = "gnu++14";
				CLANG_CXX_LIBRARY = "libc++";
				CLANG_ENABLE_MODULES = YES;
				CLANG_ENABLE_OBJC_ARC = YES;
				CLANG_WARN_BLOCK_CAPTURE_AUTORELEASING = YES;
				CLANG_WARN_BOOL_CONVERSION = YES;
				CLANG_WARN_COMMA = YES;
				CLANG_WARN_CONSTANT_CONVERSION = YES;
				CLANG_WARN_DIRECT_OBJC_ISA_USAGE = YES_ERROR;
				CLANG_WARN_DOCUMENTATION_COMMENTS = YES;
				CLANG_WARN_EMPTY_BODY = YES;
				CLANG_WARN_ENUM_CONVERSION = YES;
				CLANG_WARN_INFINITE_RECURSION = YES;
				CLANG_WARN_INT_CONVERSION = YES;
				CLANG_WARN_NON_LITERAL_NULL_CONVERSION = YES;
				CLANG_WARN_OBJC_LITERAL_CONVERSION = YES;
				CLANG_WARN_OBJC_ROOT_CLASS = YES_ERROR;
				CLANG_WARN_RANGE_LOOP_ANALYSIS = YES;
				CLANG_WARN_STRICT_PROTOTYPES = YES;
				CLANG_WARN_SUSPICIOUS_MOVE = YES;
				CLANG_WARN_UNGUARDED_AVAILABILITY = YES_AGGRESSIVE;
				CLANG_WARN_UNREACHABLE_CODE = YES;
				CLANG_WARN__DUPLICATE_METHOD_MATCH = YES;
				CODE_SIGN_IDENTITY = "iPhone Developer";
				COPY_PHASE_STRIP = NO;
				DEBUG_INFORMATION_FORMAT = "dwarf-with-dsym";
				ENABLE_NS_ASSERTIONS = NO;
				ENABLE_STRICT_OBJC_MSGSEND = YES;
				GCC_C_LANGUAGE_STANDARD = gnu11;
				GCC_NO_COMMON_BLOCKS = YES;
				GCC_WARN_64_TO_32_BIT_CONVERSION = YES;
				GCC_WARN_ABOUT_RETURN_TYPE = YES_ERROR;
				GCC_WARN_UNDECLARED_SELECTOR = YES;
				GCC_WARN_UNINITIALIZED_AUTOS = YES_AGGRESSIVE;
				GCC_WARN_UNUSED_FUNCTION = YES;
				GCC_WARN_UNUSED_VARIABLE = YES;
				IPHONEOS_DEPLOYMENT_TARGET = 11.0;
				MTL_ENABLE_DEBUG_INFO = NO;
				SDKROOT = iphoneos;
				SWIFT_OPTIMIZATION_LEVEL = "-Owholemodule";
				VALIDATE_PRODUCT = YES;
			};
			name = Release;
		};
		5506CD3B1F914C0100105AD4 /* Debug */ = {
			isa = XCBuildConfiguration;
			buildSettings = {
				ASSETCATALOG_COMPILER_APPICON_NAME = AppIcon;
				CLANG_ENABLE_MODULES = YES;
				CODE_SIGN_STYLE = Automatic;
				DEVELOPMENT_TEAM = 962YYTVK57;
				FRAMEWORK_SEARCH_PATHS = (
					"$(inherited)",
					"$(PROJECT_DIR)",
				);
				INFOPLIST_FILE = SpotifyTest/Info.plist;
				LD_RUNPATH_SEARCH_PATHS = "$(inherited) @executable_path/Frameworks";
				PRODUCT_BUNDLE_IDENTIFIER = com.example.SpotifyTest;
				PRODUCT_NAME = "$(TARGET_NAME)";
				SWIFT_OBJC_BRIDGING_HEADER = "SpotifyTest/SpotifyTest-Bridging-Header.h";
				SWIFT_OPTIMIZATION_LEVEL = "-Onone";
				SWIFT_VERSION = 4.0;
				TARGETED_DEVICE_FAMILY = "1,2";
			};
			name = Debug;
		};
		5506CD3C1F914C0100105AD4 /* Release */ = {
			isa = XCBuildConfiguration;
			buildSettings = {
				ASSETCATALOG_COMPILER_APPICON_NAME = AppIcon;
				CLANG_ENABLE_MODULES = YES;
				CODE_SIGN_STYLE = Automatic;
				DEVELOPMENT_TEAM = 962YYTVK57;
				FRAMEWORK_SEARCH_PATHS = (
					"$(inherited)",
					"$(PROJECT_DIR)",
				);
				INFOPLIST_FILE = SpotifyTest/Info.plist;
				LD_RUNPATH_SEARCH_PATHS = "$(inherited) @executable_path/Frameworks";
				PRODUCT_BUNDLE_IDENTIFIER = com.example.SpotifyTest;
				PRODUCT_NAME = "$(TARGET_NAME)";
				SWIFT_OBJC_BRIDGING_HEADER = "SpotifyTest/SpotifyTest-Bridging-Header.h";
				SWIFT_VERSION = 4.0;
				TARGETED_DEVICE_FAMILY = "1,2";
			};
			name = Release;
		};
		5506CD3E1F914C0100105AD4 /* Debug */ = {
			isa = XCBuildConfiguration;
			buildSettings = {
				ALWAYS_EMBED_SWIFT_STANDARD_LIBRARIES = YES;
				BUNDLE_LOADER = "$(TEST_HOST)";
				CODE_SIGN_STYLE = Automatic;
				DEVELOPMENT_TEAM = 962YYTVK57;
				INFOPLIST_FILE = SpotifyTestTests/Info.plist;
				LD_RUNPATH_SEARCH_PATHS = "$(inherited) @executable_path/Frameworks @loader_path/Frameworks";
				PRODUCT_BUNDLE_IDENTIFIER = com.example.SpotifyTestTests;
				PRODUCT_NAME = "$(TARGET_NAME)";
				SWIFT_VERSION = 4.0;
				TARGETED_DEVICE_FAMILY = "1,2";
				TEST_HOST = "$(BUILT_PRODUCTS_DIR)/SpotifyTest.app/SpotifyTest";
			};
			name = Debug;
		};
		5506CD3F1F914C0100105AD4 /* Release */ = {
			isa = XCBuildConfiguration;
			buildSettings = {
				ALWAYS_EMBED_SWIFT_STANDARD_LIBRARIES = YES;
				BUNDLE_LOADER = "$(TEST_HOST)";
				CODE_SIGN_STYLE = Automatic;
				DEVELOPMENT_TEAM = 962YYTVK57;
				INFOPLIST_FILE = SpotifyTestTests/Info.plist;
				LD_RUNPATH_SEARCH_PATHS = "$(inherited) @executable_path/Frameworks @loader_path/Frameworks";
				PRODUCT_BUNDLE_IDENTIFIER = com.example.SpotifyTestTests;
				PRODUCT_NAME = "$(TARGET_NAME)";
				SWIFT_VERSION = 4.0;
				TARGETED_DEVICE_FAMILY = "1,2";
				TEST_HOST = "$(BUILT_PRODUCTS_DIR)/SpotifyTest.app/SpotifyTest";
			};
			name = Release;
		};
		5506CD411F914C0100105AD4 /* Debug */ = {
			isa = XCBuildConfiguration;
			buildSettings = {
				ALWAYS_EMBED_SWIFT_STANDARD_LIBRARIES = YES;
				CODE_SIGN_STYLE = Automatic;
				DEVELOPMENT_TEAM = 962YYTVK57;
				INFOPLIST_FILE = SpotifyTestUITests/Info.plist;
				LD_RUNPATH_SEARCH_PATHS = "$(inherited) @executable_path/Frameworks @loader_path/Frameworks";
				PRODUCT_BUNDLE_IDENTIFIER = com.example.SpotifyTestUITests;
				PRODUCT_NAME = "$(TARGET_NAME)";
				SWIFT_VERSION = 4.0;
				TARGETED_DEVICE_FAMILY = "1,2";
				TEST_TARGET_NAME = SpotifyTest;
			};
			name = Debug;
		};
		5506CD421F914C0100105AD4 /* Release */ = {
			isa = XCBuildConfiguration;
			buildSettings = {
				ALWAYS_EMBED_SWIFT_STANDARD_LIBRARIES = YES;
				CODE_SIGN_STYLE = Automatic;
				DEVELOPMENT_TEAM = 962YYTVK57;
				INFOPLIST_FILE = SpotifyTestUITests/Info.plist;
				LD_RUNPATH_SEARCH_PATHS = "$(inherited) @executable_path/Frameworks @loader_path/Frameworks";
				PRODUCT_BUNDLE_IDENTIFIER = com.example.SpotifyTestUITests;
				PRODUCT_NAME = "$(TARGET_NAME)";
				SWIFT_VERSION = 4.0;
				TARGETED_DEVICE_FAMILY = "1,2";
				TEST_TARGET_NAME = SpotifyTest;
			};
			name = Release;
		};
/* End XCBuildConfiguration section */

/* Begin XCConfigurationList section */
		5506CD0A1F914C0100105AD4 /* Build configuration list for PBXProject "SpotifyTest" */ = {
			isa = XCConfigurationList;
			buildConfigurations = (
				5506CD381F914C0100105AD4 /* Debug */,
				5506CD391F914C0100105AD4 /* Release */,
			);
			defaultConfigurationIsVisible = 0;
			defaultConfigurationName = Release;
		};
		5506CD3A1F914C0100105AD4 /* Build configuration list for PBXNativeTarget "SpotifyTest" */ = {
			isa = XCConfigurationList;
			buildConfigurations = (
				5506CD3B1F914C0100105AD4 /* Debug */,
				5506CD3C1F914C0100105AD4 /* Release */,
			);
			defaultConfigurationIsVisible = 0;
			defaultConfigurationName = Release;
		};
		5506CD3D1F914C0100105AD4 /* Build configuration list for PBXNativeTarget "SpotifyTestTests" */ = {
			isa = XCConfigurationList;
			buildConfigurations = (
				5506CD3E1F914C0100105AD4 /* Debug */,
				5506CD3F1F914C0100105AD4 /* Release */,
			);
			defaultConfigurationIsVisible = 0;
			defaultConfigurationName = Release;
		};
		5506CD401F914C0100105AD4 /* Build configuration list for PBXNativeTarget "SpotifyTestUITests" */ = {
			isa = XCConfigurationList;
			buildConfigurations = (
				5506CD411F914C0100105AD4 /* Debug */,
				5506CD421F914C0100105AD4 /* Release */,
			);
			defaultConfigurationIsVisible = 0;
			defaultConfigurationName = Release;
		};
/* End XCConfigurationList section */

/* Begin XCVersionGroup section */
		5506CD191F914C0100105AD4 /* SpotifyTest.xcdatamodeld */ = {
			isa = XCVersionGroup;
			children = (
				5506CD1A1F914C0100105AD4 /* SpotifyTest.xcdatamodel */,
			);
			currentVersion = 5506CD1A1F914C0100105AD4 /* SpotifyTest.xcdatamodel */;
			path = SpotifyTest.xcdatamodeld;
			sourceTree = "<group>";
			versionGroupType = wrapper.xcdatamodel;
		};
/* End XCVersionGroup section */
	};
	rootObject = 5506CD071F914C0100105AD4 /* Project object */;
}
